
Microsoft Visual Studio Solution File, Format Version 12.00
# Visual Studio Version 17
VisualStudioVersion = 17.4.33205.214
MinimumVisualStudioVersion = 10.0.40219.1
Project("{FAE04EC0-301F-11D3-BF4B-00C04F79EFBC}") = "Dastan pink booklet task 4", "Dastan pink booklet task 4.csproj", "{6A9C48D3-517D-44B5-B749-8D43B4FFDDF5}"
EndProject
Global
	GlobalSection(SolutionConfigurationPlatforms) = preSolution
		Debug|Any CPU = Debug|Any CPU
		Release|Any CPU = Release|Any CPU
	EndGlobalSection
	GlobalSection(ProjectConfigurationPlatforms) = postSolution
		{6A9C48D3-517D-44B5-B749-8D43B4FFDDF5}.Debug|Any CPU.ActiveCfg = Debug|Any CPU
		{6A9C48D3-517D-44B5-B749-8D43B4FFDDF5}.Debug|Any CPU.Build.0 = Debug|Any CPU
		{6A9C48D3-517D-44B5-B749-8D43B4FFDDF5}.Release|Any CPU.ActiveCfg = Release|Any CPU
		{6A9C48D3-517D-44B5-B749-8D43B4FFDDF5}.Release|Any CPU.Build.0 = Release|Any CPU
	EndGlobalSection
	GlobalSection(SolutionProperties) = preSolution
		HideSolutionNode = FALSE
	EndGlobalSection
	GlobalSection(ExtensibilityGlobals) = postSolution
		SolutionGuid = {9D69ED5C-9EC2-466B-AA0C-229AEC914641}
	EndGlobalSection
EndGlobal
